
Microsoft Visual Studio Solution File, Format Version 12.00
# Visual Studio 14
VisualStudioVersion = 14.0.25420.1
MinimumVisualStudioVersion = 10.0.40219.1
Project("{FAE04EC0-301F-11D3-BF4B-00C04F79EFBC}") = "StorageSystem", "Task1.StorageSystem\StorageSystem.csproj", "{480892F4-86A3-43AE-B1F6-6BF9B8DB434D}"
EndProject
Project("{FAE04EC0-301F-11D3-BF4B-00C04F79EFBC}") = "StorageSystem.Tests", "Task1.Tests\StorageSystem.Tests.csproj", "{F048EC4C-AA50-4D01-B30F-AC443700C6FC}"
EndProject
Project("{FAE04EC0-301F-11D3-BF4B-00C04F79EFBC}") = "ServiceConfigurator", "ServiceConfigurator\ServiceConfigurator.csproj", "{C9518BD0-50A0-47AB-8280-20D0B0F724A4}"
EndProject
Project("{FAE04EC0-301F-11D3-BF4B-00C04F79EFBC}") = "ServiceConfigurator.Tests", "ServiceConfigurator.Tests\ServiceConfigurator.Tests.csproj", "{3B792A3C-089B-4282-AA8D-8C2454C07BA9}"
EndProject
Project("{FAE04EC0-301F-11D3-BF4B-00C04F79EFBC}") = "ConsoleUI", "ConsoleUI\ConsoleUI.csproj", "{739C109B-7978-43D2-8E3A-B4B5F096DE0E}"
EndProject
Global
	GlobalSection(SolutionConfigurationPlatforms) = preSolution
		Debug|Any CPU = Debug|Any CPU
		Release|Any CPU = Release|Any CPU
	EndGlobalSection
	GlobalSection(ProjectConfigurationPlatforms) = postSolution
		{480892F4-86A3-43AE-B1F6-6BF9B8DB434D}.Debug|Any CPU.ActiveCfg = Debug|Any CPU
		{480892F4-86A3-43AE-B1F6-6BF9B8DB434D}.Debug|Any CPU.Build.0 = Debug|Any CPU
		{480892F4-86A3-43AE-B1F6-6BF9B8DB434D}.Release|Any CPU.ActiveCfg = Release|Any CPU
		{480892F4-86A3-43AE-B1F6-6BF9B8DB434D}.Release|Any CPU.Build.0 = Release|Any CPU
		{F048EC4C-AA50-4D01-B30F-AC443700C6FC}.Debug|Any CPU.ActiveCfg = Debug|Any CPU
		{F048EC4C-AA50-4D01-B30F-AC443700C6FC}.Debug|Any CPU.Build.0 = Debug|Any CPU
		{F048EC4C-AA50-4D01-B30F-AC443700C6FC}.Release|Any CPU.ActiveCfg = Release|Any CPU
		{F048EC4C-AA50-4D01-B30F-AC443700C6FC}.Release|Any CPU.Build.0 = Release|Any CPU
		{C9518BD0-50A0-47AB-8280-20D0B0F724A4}.Debug|Any CPU.ActiveCfg = Debug|Any CPU
		{C9518BD0-50A0-47AB-8280-20D0B0F724A4}.Debug|Any CPU.Build.0 = Debug|Any CPU
		{C9518BD0-50A0-47AB-8280-20D0B0F724A4}.Release|Any CPU.ActiveCfg = Release|Any CPU
		{C9518BD0-50A0-47AB-8280-20D0B0F724A4}.Release|Any CPU.Build.0 = Release|Any CPU
		{3B792A3C-089B-4282-AA8D-8C2454C07BA9}.Debug|Any CPU.ActiveCfg = Debug|Any CPU
		{3B792A3C-089B-4282-AA8D-8C2454C07BA9}.Debug|Any CPU.Build.0 = Debug|Any CPU
		{3B792A3C-089B-4282-AA8D-8C2454C07BA9}.Release|Any CPU.ActiveCfg = Release|Any CPU
		{3B792A3C-089B-4282-AA8D-8C2454C07BA9}.Release|Any CPU.Build.0 = Release|Any CPU
		{739C109B-7978-43D2-8E3A-B4B5F096DE0E}.Debug|Any CPU.ActiveCfg = Debug|Any CPU
		{739C109B-7978-43D2-8E3A-B4B5F096DE0E}.Debug|Any CPU.Build.0 = Debug|Any CPU
		{739C109B-7978-43D2-8E3A-B4B5F096DE0E}.Release|Any CPU.ActiveCfg = Release|Any CPU
		{739C109B-7978-43D2-8E3A-B4B5F096DE0E}.Release|Any CPU.Build.0 = Release|Any CPU
	EndGlobalSection
	GlobalSection(SolutionProperties) = preSolution
		HideSolutionNode = FALSE
	EndGlobalSection
EndGlobal
